
Microsoft Visual Studio Solution File, Format Version 12.00
# Visual Studio Version 17
VisualStudioVersion = 17.9.34728.123
MinimumVisualStudioVersion = 10.0.40219.1
Project("{FAE04EC0-301F-11D3-BF4B-00C04F79EFBC}") = "WpfApp1", "WpfApp1\WpfApp1.csproj", "{7111445C-5BC3-40B9-B55F-753BA4830667}"
EndProject
Global
	GlobalSection(SolutionConfigurationPlatforms) = preSolution
		Debug|Any CPU = Debug|Any CPU
		Release|Any CPU = Release|Any CPU
	EndGlobalSection
	GlobalSection(ProjectConfigurationPlatforms) = postSolution
		{7111445C-5BC3-40B9-B55F-753BA4830667}.Debug|Any CPU.ActiveCfg = Debug|Any CPU
		{7111445C-5BC3-40B9-B55F-753BA4830667}.Debug|Any CPU.Build.0 = Debug|Any CPU
		{7111445C-5BC3-40B9-B55F-753BA4830667}.Release|Any CPU.ActiveCfg = Release|Any CPU
		{7111445C-5BC3-40B9-B55F-753BA4830667}.Release|Any CPU.Build.0 = Release|Any CPU
	EndGlobalSection
	GlobalSection(SolutionProperties) = preSolution
		HideSolutionNode = FALSE
	EndGlobalSection
	GlobalSection(ExtensibilityGlobals) = postSolution
		SolutionGuid = {B022F57A-9E8D-46FE-920A-59FC1E888C3E}
	EndGlobalSection
EndGlobal
